
Microsoft Visual Studio Solution File, Format Version 11.00
# Visual Studio 2010
Project("{FAE04EC0-301F-11D3-BF4B-00C04F79EFBC}") = "rgc-bot", "rgc-bot\rgc-bot.csproj", "{C705CC97-3C3F-4E1A-A718-E313F78A5685}"
EndProject
Project("{FAE04EC0-301F-11D3-BF4B-00C04F79EFBC}") = "rgc-bot-app", "rgc-bot-app\rgc-bot-app.csproj", "{E6878A39-D311-423D-9805-CC446C1DCBE7}"
EndProject
Global
	GlobalSection(SolutionConfigurationPlatforms) = preSolution
		Debug|Any CPU = Debug|Any CPU
		Debug|Mixed Platforms = Debug|Mixed Platforms
		Debug|Win32 = Debug|Win32
		Debug|x86 = Debug|x86
		Release|Any CPU = Release|Any CPU
		Release|Mixed Platforms = Release|Mixed Platforms
		Release|Win32 = Release|Win32
		Release|x86 = Release|x86
	EndGlobalSection
	GlobalSection(ProjectConfigurationPlatforms) = postSolution
		{C705CC97-3C3F-4E1A-A718-E313F78A5685}.Debug|Any CPU.ActiveCfg = Debug|Any CPU
		{C705CC97-3C3F-4E1A-A718-E313F78A5685}.Debug|Any CPU.Build.0 = Debug|Any CPU
		{C705CC97-3C3F-4E1A-A718-E313F78A5685}.Debug|Mixed Platforms.ActiveCfg = Debug|Any CPU
		{C705CC97-3C3F-4E1A-A718-E313F78A5685}.Debug|Mixed Platforms.Build.0 = Debug|Any CPU
		{C705CC97-3C3F-4E1A-A718-E313F78A5685}.Debug|Win32.ActiveCfg = Debug|Any CPU
		{C705CC97-3C3F-4E1A-A718-E313F78A5685}.Debug|x86.ActiveCfg = Debug|Any CPU
		{C705CC97-3C3F-4E1A-A718-E313F78A5685}.Release|Any CPU.ActiveCfg = Release|Any CPU
		{C705CC97-3C3F-4E1A-A718-E313F78A5685}.Release|Any CPU.Build.0 = Release|Any CPU
		{C705CC97-3C3F-4E1A-A718-E313F78A5685}.Release|Mixed Platforms.ActiveCfg = Release|Any CPU
		{C705CC97-3C3F-4E1A-A718-E313F78A5685}.Release|Mixed Platforms.Build.0 = Release|Any CPU
		{C705CC97-3C3F-4E1A-A718-E313F78A5685}.Release|Win32.ActiveCfg = Release|Any CPU
		{C705CC97-3C3F-4E1A-A718-E313F78A5685}.Release|x86.ActiveCfg = Release|Any CPU
		{E6878A39-D311-423D-9805-CC446C1DCBE7}.Debug|Any CPU.ActiveCfg = Debug|x86
		{E6878A39-D311-423D-9805-CC446C1DCBE7}.Debug|Mixed Platforms.ActiveCfg = Debug|x86
		{E6878A39-D311-423D-9805-CC446C1DCBE7}.Debug|Mixed Platforms.Build.0 = Debug|x86
		{E6878A39-D311-423D-9805-CC446C1DCBE7}.Debug|Win32.ActiveCfg = Debug|x86
		{E6878A39-D311-423D-9805-CC446C1DCBE7}.Debug|x86.ActiveCfg = Debug|x86
		{E6878A39-D311-423D-9805-CC446C1DCBE7}.Debug|x86.Build.0 = Debug|x86
		{E6878A39-D311-423D-9805-CC446C1DCBE7}.Release|Any CPU.ActiveCfg = Release|x86
		{E6878A39-D311-423D-9805-CC446C1DCBE7}.Release|Mixed Platforms.ActiveCfg = Release|x86
		{E6878A39-D311-423D-9805-CC446C1DCBE7}.Release|Mixed Platforms.Build.0 = Release|x86
		{E6878A39-D311-423D-9805-CC446C1DCBE7}.Release|Win32.ActiveCfg = Release|x86
		{E6878A39-D311-423D-9805-CC446C1DCBE7}.Release|x86.ActiveCfg = Release|x86
		{E6878A39-D311-423D-9805-CC446C1DCBE7}.Release|x86.Build.0 = Release|x86
	EndGlobalSection
	GlobalSection(SolutionProperties) = preSolution
		HideSolutionNode = FALSE
	EndGlobalSection
EndGlobal
