
Microsoft Visual Studio Solution File, Format Version 11.00
# Visual Studio 2010
Project("{8BC9CEB8-8B4A-11D0-8D11-00A0C91BC942}") = "rgc-bot", "rgc-bot\rgc-bot.vcxproj", "{B7921BA9-195E-4E34-BEE1-37DA1AC640E7}"
EndProject
Project("{8BC9CEB8-8B4A-11D0-8D11-00A0C91BC942}") = "rgc-bot-app", "rgc-bot-app\rgc-bot-app.vcxproj", "{AA921230-2BBA-42C3-A035-8CE67190BFFB}"
	ProjectSection(ProjectDependencies) = postProject
		{B7921BA9-195E-4E34-BEE1-37DA1AC640E7} = {B7921BA9-195E-4E34-BEE1-37DA1AC640E7}
	EndProjectSection
EndProject
Global
	GlobalSection(SolutionConfigurationPlatforms) = preSolution
		Debug|Win32 = Debug|Win32
		Release|Win32 = Release|Win32
	EndGlobalSection
	GlobalSection(ProjectConfigurationPlatforms) = postSolution
		{B7921BA9-195E-4E34-BEE1-37DA1AC640E7}.Debug|Win32.ActiveCfg = Debug|Win32
		{B7921BA9-195E-4E34-BEE1-37DA1AC640E7}.Debug|Win32.Build.0 = Debug|Win32
		{B7921BA9-195E-4E34-BEE1-37DA1AC640E7}.Release|Win32.ActiveCfg = Release|Win32
		{B7921BA9-195E-4E34-BEE1-37DA1AC640E7}.Release|Win32.Build.0 = Release|Win32
		{AA921230-2BBA-42C3-A035-8CE67190BFFB}.Debug|Win32.ActiveCfg = Debug|Win32
		{AA921230-2BBA-42C3-A035-8CE67190BFFB}.Debug|Win32.Build.0 = Debug|Win32
		{AA921230-2BBA-42C3-A035-8CE67190BFFB}.Release|Win32.ActiveCfg = Release|Win32
		{AA921230-2BBA-42C3-A035-8CE67190BFFB}.Release|Win32.Build.0 = Release|Win32
	EndGlobalSection
	GlobalSection(SolutionProperties) = preSolution
		HideSolutionNode = FALSE
	EndGlobalSection
EndGlobal
